// !$*UTF8*$!
{
	archiveVersion = 1;
	classes = {
	};
	objectVersion = 56;
	objects = {

/* Begin PBXBuildFile section */
		5F044F3A296609540046C455 /* DarkMode.storyboard in Resources */ = {isa = PBXBuildFile; fileRef = 5F044F39296609530046C455 /* DarkMode.storyboard */; };
		5F6C07C62964AE1300FBA415 /* SettingsDataTableViewController.swift in Sources */ = {isa = PBXBuildFile; fileRef = 5F6C07C52964AE1300FBA415 /* SettingsDataTableViewController.swift */; };
		5F6C07C92964BC6800FBA415 /* TermsAndConditionsTableViewCell.swift in Sources */ = {isa = PBXBuildFile; fileRef = 5F6C07C82964BC6800FBA415 /* TermsAndConditionsTableViewCell.swift */; };
		5F6C07CB2964BCB100FBA415 /* PrivacyTableViewCell.swift in Sources */ = {isa = PBXBuildFile; fileRef = 5F6C07CA2964BCB100FBA415 /* PrivacyTableViewCell.swift */; };
		5F6C07CD2964BCE100FBA415 /* DarkModeTableViewCell.swift in Sources */ = {isa = PBXBuildFile; fileRef = 5F6C07CC2964BCE100FBA415 /* DarkModeTableViewCell.swift */; };
		5F6C07D12966017C00FBA415 /* TermsAndConditions.storyboard in Resources */ = {isa = PBXBuildFile; fileRef = 5F6C07D02966017C00FBA415 /* TermsAndConditions.storyboard */; };
		5F6C07D42966041400FBA415 /* Privacy.storyboard in Resources */ = {isa = PBXBuildFile; fileRef = 5F6C07D32966041400FBA415 /* Privacy.storyboard */; };
		5F869FA0296CA03E008E83B1 /* Notifications.storyboard in Resources */ = {isa = PBXBuildFile; fileRef = 5F869F9F296CA03E008E83B1 /* Notifications.storyboard */; };
		5F869FB9296DCBF1008E83B1 /* NotificationsTableViewCell.swift in Sources */ = {isa = PBXBuildFile; fileRef = 5F869FB8296DCBF1008E83B1 /* NotificationsTableViewCell.swift */; };
		5F869FBB296DD089008E83B1 /* NotificationsDetailViewController.swift in Sources */ = {isa = PBXBuildFile; fileRef = 5F869FBA296DD089008E83B1 /* NotificationsDetailViewController.swift */; };
		5F87A9C5294BA1CF00B87CA4 /* DailyQuotesTableViewController.swift in Sources */ = {isa = PBXBuildFile; fileRef = 5F87A9C4294BA1CF00B87CA4 /* DailyQuotesTableViewController.swift */; };
		5F87A9C7294BA1E500B87CA4 /* DailyQuoteTableViewCell.swift in Sources */ = {isa = PBXBuildFile; fileRef = 5F87A9C6294BA1E500B87CA4 /* DailyQuoteTableViewCell.swift */; };
		5F87A9C9294BA82A00B87CA4 /* DailyQuotesModel.swift in Sources */ = {isa = PBXBuildFile; fileRef = 5F87A9C8294BA82A00B87CA4 /* DailyQuotesModel.swift */; };
		5FCAF4A7295224D60016FC56 /* NetworkController.swift in Sources */ = {isa = PBXBuildFile; fileRef = 5FCAF4A6295224D60016FC56 /* NetworkController.swift */; };
		5FCAF4AA295233700016FC56 /* ResultError.swift in Sources */ = {isa = PBXBuildFile; fileRef = 5FCAF4A9295233700016FC56 /* ResultError.swift */; };
		5FCAF4B02953734D0016FC56 /* DailyQuoteViewModel.swift in Sources */ = {isa = PBXBuildFile; fileRef = 5FCAF4AF2953734D0016FC56 /* DailyQuoteViewModel.swift */; };
		5FCAF4B22954D58C0016FC56 /* DateHelper.swift in Sources */ = {isa = PBXBuildFile; fileRef = 5FCAF4B12954D58C0016FC56 /* DateHelper.swift */; };
		A1011E8F294BA98C005C708B /* Weather.swift in Sources */ = {isa = PBXBuildFile; fileRef = A1011E8E294BA98C005C708B /* Weather.swift */; };
		A12BC5B2294A220700D5FFD5 /* PastEntries.storyboard in Resources */ = {isa = PBXBuildFile; fileRef = A12BC5B1294A220700D5FFD5 /* PastEntries.storyboard */; };
		A12BC5B4294A22A300D5FFD5 /* DailyQuotes.storyboard in Resources */ = {isa = PBXBuildFile; fileRef = A12BC5B3294A22A300D5FFD5 /* DailyQuotes.storyboard */; };
		A12BC5B6294A22EB00D5FFD5 /* Settings.storyboard in Resources */ = {isa = PBXBuildFile; fileRef = A12BC5B5294A22EB00D5FFD5 /* Settings.storyboard */; };
		A12BC5B8294A3E5B00D5FFD5 /* PastEntriesList.storyboard in Resources */ = {isa = PBXBuildFile; fileRef = A12BC5B7294A3E5B00D5FFD5 /* PastEntriesList.storyboard */; };
		A12BC5BA294A3EA800D5FFD5 /* PastEntriesDetails.storyboard in Resources */ = {isa = PBXBuildFile; fileRef = A12BC5B9294A3EA800D5FFD5 /* PastEntriesDetails.storyboard */; };
		A12BC5BC294A858D00D5FFD5 /* EntryListTableViewController.swift in Sources */ = {isa = PBXBuildFile; fileRef = A12BC5BB294A858D00D5FFD5 /* EntryListTableViewController.swift */; };
		A12BC5BE294A8D4400D5FFD5 /* EntryListTableViewCell.swift in Sources */ = {isa = PBXBuildFile; fileRef = A12BC5BD294A8D4400D5FFD5 /* EntryListTableViewCell.swift */; };
		A1BE5DC62947C9D7002EFFFB /* AppDelegate.swift in Sources */ = {isa = PBXBuildFile; fileRef = A1BE5DC52947C9D7002EFFFB /* AppDelegate.swift */; };
		A1BE5DC82947C9D7002EFFFB /* SceneDelegate.swift in Sources */ = {isa = PBXBuildFile; fileRef = A1BE5DC72947C9D7002EFFFB /* SceneDelegate.swift */; };
		A1BE5DCA2947C9D7002EFFFB /* ViewController.swift in Sources */ = {isa = PBXBuildFile; fileRef = A1BE5DC92947C9D7002EFFFB /* ViewController.swift */; };
		A1BE5DCD2947C9D7002EFFFB /* Main.storyboard in Resources */ = {isa = PBXBuildFile; fileRef = A1BE5DCB2947C9D7002EFFFB /* Main.storyboard */; };
		A1BE5DCF2947C9D9002EFFFB /* Assets.xcassets in Resources */ = {isa = PBXBuildFile; fileRef = A1BE5DCE2947C9D9002EFFFB /* Assets.xcassets */; };
		A1BE5DD22947C9D9002EFFFB /* LaunchScreen.storyboard in Resources */ = {isa = PBXBuildFile; fileRef = A1BE5DD02947C9D9002EFFFB /* LaunchScreen.storyboard */; };
		A1BE5DDB294A1EA7002EFFFB /* Entries.storyboard in Resources */ = {isa = PBXBuildFile; fileRef = A1BE5DDA294A1EA7002EFFFB /* Entries.storyboard */; };
		A1BE5DE7294A2067002EFFFB /* NewEntry.storyboard in Resources */ = {isa = PBXBuildFile; fileRef = A1BE5DE6294A2067002EFFFB /* NewEntry.storyboard */; };
		A1E49600295232A60000419D /* Entry.swift in Sources */ = {isa = PBXBuildFile; fileRef = A1E495FF295232A60000419D /* Entry.swift */; };
/* End PBXBuildFile section */

/* Begin PBXFileReference section */
		5F044F39296609530046C455 /* DarkMode.storyboard */ = {isa = PBXFileReference; lastKnownFileType = file.storyboard; path = DarkMode.storyboard; sourceTree = "<group>"; };
		5F6C07C52964AE1300FBA415 /* SettingsDataTableViewController.swift */ = {isa = PBXFileReference; lastKnownFileType = sourcecode.swift; path = SettingsDataTableViewController.swift; sourceTree = "<group>"; };
		5F6C07C82964BC6800FBA415 /* TermsAndConditionsTableViewCell.swift */ = {isa = PBXFileReference; lastKnownFileType = sourcecode.swift; path = TermsAndConditionsTableViewCell.swift; sourceTree = "<group>"; };
		5F6C07CA2964BCB100FBA415 /* PrivacyTableViewCell.swift */ = {isa = PBXFileReference; lastKnownFileType = sourcecode.swift; path = PrivacyTableViewCell.swift; sourceTree = "<group>"; };
		5F6C07CC2964BCE100FBA415 /* DarkModeTableViewCell.swift */ = {isa = PBXFileReference; lastKnownFileType = sourcecode.swift; path = DarkModeTableViewCell.swift; sourceTree = "<group>"; };
		5F6C07D02966017C00FBA415 /* TermsAndConditions.storyboard */ = {isa = PBXFileReference; lastKnownFileType = file.storyboard; path = TermsAndConditions.storyboard; sourceTree = "<group>"; };
		5F6C07D32966041400FBA415 /* Privacy.storyboard */ = {isa = PBXFileReference; lastKnownFileType = file.storyboard; path = Privacy.storyboard; sourceTree = "<group>"; };
		5F869F9F296CA03E008E83B1 /* Notifications.storyboard */ = {isa = PBXFileReference; lastKnownFileType = file.storyboard; path = Notifications.storyboard; sourceTree = "<group>"; };
		5F869FB8296DCBF1008E83B1 /* NotificationsTableViewCell.swift */ = {isa = PBXFileReference; lastKnownFileType = sourcecode.swift; path = NotificationsTableViewCell.swift; sourceTree = "<group>"; };
		5F869FBA296DD089008E83B1 /* NotificationsDetailViewController.swift */ = {isa = PBXFileReference; lastKnownFileType = sourcecode.swift; path = NotificationsDetailViewController.swift; sourceTree = "<group>"; };
		5F87A9C4294BA1CF00B87CA4 /* DailyQuotesTableViewController.swift */ = {isa = PBXFileReference; fileEncoding = 4; lastKnownFileType = sourcecode.swift; path = DailyQuotesTableViewController.swift; sourceTree = "<group>"; };
		5F87A9C6294BA1E500B87CA4 /* DailyQuoteTableViewCell.swift */ = {isa = PBXFileReference; fileEncoding = 4; lastKnownFileType = sourcecode.swift; path = DailyQuoteTableViewCell.swift; sourceTree = "<group>"; };
		5F87A9C8294BA82A00B87CA4 /* DailyQuotesModel.swift */ = {isa = PBXFileReference; lastKnownFileType = sourcecode.swift; path = DailyQuotesModel.swift; sourceTree = "<group>"; };
		5FCAF4A6295224D60016FC56 /* NetworkController.swift */ = {isa = PBXFileReference; lastKnownFileType = sourcecode.swift; path = NetworkController.swift; sourceTree = "<group>"; };
		5FCAF4A9295233700016FC56 /* ResultError.swift */ = {isa = PBXFileReference; lastKnownFileType = sourcecode.swift; path = ResultError.swift; sourceTree = "<group>"; };
		5FCAF4AE295372B90016FC56 /* DailyReflection.app */ = {isa = PBXFileReference; explicitFileType = wrapper.application; includeInIndex = 0; path = DailyReflection.app; sourceTree = BUILT_PRODUCTS_DIR; };
		5FCAF4AF2953734D0016FC56 /* DailyQuoteViewModel.swift */ = {isa = PBXFileReference; lastKnownFileType = sourcecode.swift; path = DailyQuoteViewModel.swift; sourceTree = "<group>"; };
		5FCAF4B12954D58C0016FC56 /* DateHelper.swift */ = {isa = PBXFileReference; lastKnownFileType = sourcecode.swift; path = DateHelper.swift; sourceTree = "<group>"; };
		A1011E8E294BA98C005C708B /* Weather.swift */ = {isa = PBXFileReference; lastKnownFileType = sourcecode.swift; path = Weather.swift; sourceTree = "<group>"; };
		A12BC5B1294A220700D5FFD5 /* PastEntries.storyboard */ = {isa = PBXFileReference; lastKnownFileType = file.storyboard; path = PastEntries.storyboard; sourceTree = "<group>"; };
		A12BC5B3294A22A300D5FFD5 /* DailyQuotes.storyboard */ = {isa = PBXFileReference; lastKnownFileType = file.storyboard; path = DailyQuotes.storyboard; sourceTree = "<group>"; };
		A12BC5B5294A22EB00D5FFD5 /* Settings.storyboard */ = {isa = PBXFileReference; lastKnownFileType = file.storyboard; path = Settings.storyboard; sourceTree = "<group>"; };
		A12BC5B7294A3E5B00D5FFD5 /* PastEntriesList.storyboard */ = {isa = PBXFileReference; lastKnownFileType = file.storyboard; path = PastEntriesList.storyboard; sourceTree = "<group>"; };
		A12BC5B9294A3EA800D5FFD5 /* PastEntriesDetails.storyboard */ = {isa = PBXFileReference; lastKnownFileType = file.storyboard; path = PastEntriesDetails.storyboard; sourceTree = "<group>"; };
		A12BC5BB294A858D00D5FFD5 /* EntryListTableViewController.swift */ = {isa = PBXFileReference; lastKnownFileType = sourcecode.swift; path = EntryListTableViewController.swift; sourceTree = "<group>"; };
		A12BC5BD294A8D4400D5FFD5 /* EntryListTableViewCell.swift */ = {isa = PBXFileReference; lastKnownFileType = sourcecode.swift; path = EntryListTableViewCell.swift; sourceTree = "<group>"; };
		A1BE5DC52947C9D7002EFFFB /* AppDelegate.swift */ = {isa = PBXFileReference; lastKnownFileType = sourcecode.swift; path = AppDelegate.swift; sourceTree = "<group>"; };
		A1BE5DC72947C9D7002EFFFB /* SceneDelegate.swift */ = {isa = PBXFileReference; lastKnownFileType = sourcecode.swift; path = SceneDelegate.swift; sourceTree = "<group>"; };
		A1BE5DC92947C9D7002EFFFB /* ViewController.swift */ = {isa = PBXFileReference; lastKnownFileType = sourcecode.swift; path = ViewController.swift; sourceTree = "<group>"; };
		A1BE5DCC2947C9D7002EFFFB /* Base */ = {isa = PBXFileReference; lastKnownFileType = file.storyboard; name = Base; path = Base.lproj/Main.storyboard; sourceTree = "<group>"; };
		A1BE5DCE2947C9D9002EFFFB /* Assets.xcassets */ = {isa = PBXFileReference; lastKnownFileType = folder.assetcatalog; path = Assets.xcassets; sourceTree = "<group>"; };
		A1BE5DD12947C9D9002EFFFB /* Base */ = {isa = PBXFileReference; lastKnownFileType = file.storyboard; name = Base; path = Base.lproj/LaunchScreen.storyboard; sourceTree = "<group>"; };
		A1BE5DD32947C9D9002EFFFB /* Info.plist */ = {isa = PBXFileReference; lastKnownFileType = text.plist.xml; path = Info.plist; sourceTree = "<group>"; };
		A1BE5DDA294A1EA7002EFFFB /* Entries.storyboard */ = {isa = PBXFileReference; lastKnownFileType = file.storyboard; path = Entries.storyboard; sourceTree = "<group>"; };
		A1BE5DE6294A2067002EFFFB /* NewEntry.storyboard */ = {isa = PBXFileReference; lastKnownFileType = file.storyboard; path = NewEntry.storyboard; sourceTree = "<group>"; };
		A1E495FF295232A60000419D /* Entry.swift */ = {isa = PBXFileReference; lastKnownFileType = sourcecode.swift; path = Entry.swift; sourceTree = "<group>"; };
/* End PBXFileReference section */

/* Begin PBXFrameworksBuildPhase section */
		A1BE5DBF2947C9D7002EFFFB /* Frameworks */ = {
			isa = PBXFrameworksBuildPhase;
			buildActionMask = 2147483647;
			files = (
			);
			runOnlyForDeploymentPostprocessing = 0;
		};
/* End PBXFrameworksBuildPhase section */

/* Begin PBXGroup section */
		5F044F38296605A10046C455 /* Notifications */ = {
			isa = PBXGroup;
			children = (
				5F869F9F296CA03E008E83B1 /* Notifications.storyboard */,
				5F869FB8296DCBF1008E83B1 /* NotificationsTableViewCell.swift */,
				5F869FBA296DD089008E83B1 /* NotificationsDetailViewController.swift */,
			);
			path = Notifications;
			sourceTree = "<group>";
		};
		5F044F3B2966095D0046C455 /* DarkMode */ = {
			isa = PBXGroup;
			children = (
				5F044F39296609530046C455 /* DarkMode.storyboard */,
				5F6C07CC2964BCE100FBA415 /* DarkModeTableViewCell.swift */,
			);
			path = DarkMode;
			sourceTree = "<group>";
		};
		5F6C07C72964B7F800FBA415 /* Settings */ = {
			isa = PBXGroup;
			children = (
				A12BC5B5294A22EB00D5FFD5 /* Settings.storyboard */,
				5F6C07C52964AE1300FBA415 /* SettingsDataTableViewController.swift */,
				5F6C07D22966019500FBA415 /* TermsAndConditions */,
				5F6C07D52966049500FBA415 /* New Group */,
				5F044F3B2966095D0046C455 /* DarkMode */,
				5F044F38296605A10046C455 /* Notifications */,
			);
			path = Settings;
			sourceTree = "<group>";
		};
		5F6C07D22966019500FBA415 /* TermsAndConditions */ = {
			isa = PBXGroup;
			children = (
				5F6C07D02966017C00FBA415 /* TermsAndConditions.storyboard */,
				5F6C07C82964BC6800FBA415 /* TermsAndConditionsTableViewCell.swift */,
			);
			path = TermsAndConditions;
			sourceTree = "<group>";
		};
		5F6C07D52966049500FBA415 /* New Group */ = {
			isa = PBXGroup;
			children = (
				5F6C07CA2964BCB100FBA415 /* PrivacyTableViewCell.swift */,
				5F6C07D32966041400FBA415 /* Privacy.storyboard */,
			);
			path = "New Group";
			sourceTree = "<group>";
		};
		5F87A9C3294BA11B00B87CA4 /* DailyQuotes */ = {
			isa = PBXGroup;
			children = (
				A12BC5B3294A22A300D5FFD5 /* DailyQuotes.storyboard */,
				5F87A9C4294BA1CF00B87CA4 /* DailyQuotesTableViewController.swift */,
				5F87A9C6294BA1E500B87CA4 /* DailyQuoteTableViewCell.swift */,
				5FCAF4AF2953734D0016FC56 /* DailyQuoteViewModel.swift */,
			);
			path = DailyQuotes;
			sourceTree = "<group>";
		};
		5FCAF4A8295224F90016FC56 /* Network */ = {
			isa = PBXGroup;
			children = (
				5FCAF4A6295224D60016FC56 /* NetworkController.swift */,
				5FCAF4A9295233700016FC56 /* ResultError.swift */,
			);
			name = Network;
			sourceTree = "<group>";
		};
		A12BC5BF294A8D5600D5FFD5 /* Entries */ = {
			isa = PBXGroup;
			children = (
				A1BE5DDA294A1EA7002EFFFB /* Entries.storyboard */,
				A12BC5BB294A858D00D5FFD5 /* EntryListTableViewController.swift */,
				A12BC5BD294A8D4400D5FFD5 /* EntryListTableViewCell.swift */,
			);
			path = Entries;
			sourceTree = "<group>";
		};
		A1BE5DB92947C9D6002EFFFB = {
			isa = PBXGroup;
			children = (
				A1BE5DC42947C9D7002EFFFB /* DailyReflection */,
				5FCAF4AE295372B90016FC56 /* DailyReflection.app */,
			);
			sourceTree = "<group>";
		};
		A1BE5DC42947C9D7002EFFFB /* DailyReflection */ = {
			isa = PBXGroup;
			children = (
				5FCAF4A8295224F90016FC56 /* Network */,
				A1BE5DD92947CA00002EFFFB /* Resources */,
				A1BE5DC92947C9D7002EFFFB /* ViewController.swift */,
				A1BE5DCB2947C9D7002EFFFB /* Main.storyboard */,
				A1BE5DD02947C9D9002EFFFB /* LaunchScreen.storyboard */,
				A12BC5BF294A8D5600D5FFD5 /* Entries */,
				A1BE5DE6294A2067002EFFFB /* NewEntry.storyboard */,
				A12BC5B1294A220700D5FFD5 /* PastEntries.storyboard */,
				A12BC5B7294A3E5B00D5FFD5 /* PastEntriesList.storyboard */,
				A12BC5B9294A3EA800D5FFD5 /* PastEntriesDetails.storyboard */,
				5F6C07C72964B7F800FBA415 /* Settings */,
				5F87A9C3294BA11B00B87CA4 /* DailyQuotes */,
				5F87A9C8294BA82A00B87CA4 /* DailyQuotesModel.swift */,
				A1011E8E294BA98C005C708B /* Weather.swift */,
				A1E495FF295232A60000419D /* Entry.swift */,
				5FCAF4B12954D58C0016FC56 /* DateHelper.swift */,
			);
			path = DailyReflection;
			sourceTree = "<group>";
		};
		A1BE5DD92947CA00002EFFFB /* Resources */ = {
			isa = PBXGroup;
			children = (
				A1BE5DC52947C9D7002EFFFB /* AppDelegate.swift */,
				A1BE5DC72947C9D7002EFFFB /* SceneDelegate.swift */,
				A1BE5DCE2947C9D9002EFFFB /* Assets.xcassets */,
				A1BE5DD32947C9D9002EFFFB /* Info.plist */,
			);
			path = Resources;
			sourceTree = "<group>";
		};
/* End PBXGroup section */

/* Begin PBXNativeTarget section */
		A1BE5DC12947C9D7002EFFFB /* DailyReflection */ = {
			isa = PBXNativeTarget;
			buildConfigurationList = A1BE5DD62947C9D9002EFFFB /* Build configuration list for PBXNativeTarget "DailyReflection" */;
			buildPhases = (
				A1BE5DBE2947C9D7002EFFFB /* Sources */,
				A1BE5DBF2947C9D7002EFFFB /* Frameworks */,
				A1BE5DC02947C9D7002EFFFB /* Resources */,
			);
			buildRules = (
			);
			dependencies = (
			);
			name = DailyReflection;
			productName = DailyReflection;
			productReference = 5FCAF4AE295372B90016FC56 /* DailyReflection.app */;
			productType = "com.apple.product-type.application";
		};
/* End PBXNativeTarget section */

/* Begin PBXProject section */
		A1BE5DBA2947C9D6002EFFFB /* Project object */ = {
			isa = PBXProject;
			attributes = {
				BuildIndependentTargetsInParallel = 1;
				LastSwiftUpdateCheck = 1410;
				LastUpgradeCheck = 1410;
				TargetAttributes = {
					A1BE5DC12947C9D7002EFFFB = {
						CreatedOnToolsVersion = 14.1;
					};
				};
			};
			buildConfigurationList = A1BE5DBD2947C9D6002EFFFB /* Build configuration list for PBXProject "DailyReflection" */;
			compatibilityVersion = "Xcode 14.0";
			developmentRegion = en;
			hasScannedForEncodings = 0;
			knownRegions = (
				en,
				Base,
			);
			mainGroup = A1BE5DB92947C9D6002EFFFB;
			productRefGroup = A1BE5DB92947C9D6002EFFFB;
			projectDirPath = "";
			projectRoot = "";
			targets = (
				A1BE5DC12947C9D7002EFFFB /* DailyReflection */,
			);
		};
/* End PBXProject section */

/* Begin PBXResourcesBuildPhase section */
		A1BE5DC02947C9D7002EFFFB /* Resources */ = {
			isa = PBXResourcesBuildPhase;
			buildActionMask = 2147483647;
			files = (
				A1BE5DD22947C9D9002EFFFB /* LaunchScreen.storyboard in Resources */,
				A1BE5DCF2947C9D9002EFFFB /* Assets.xcassets in Resources */,
				A12BC5B8294A3E5B00D5FFD5 /* PastEntriesList.storyboard in Resources */,
				A1BE5DE7294A2067002EFFFB /* NewEntry.storyboard in Resources */,
				A12BC5B6294A22EB00D5FFD5 /* Settings.storyboard in Resources */,
				5F044F3A296609540046C455 /* DarkMode.storyboard in Resources */,
				A12BC5B4294A22A300D5FFD5 /* DailyQuotes.storyboard in Resources */,
				A12BC5BA294A3EA800D5FFD5 /* PastEntriesDetails.storyboard in Resources */,
				5F6C07D12966017C00FBA415 /* TermsAndConditions.storyboard in Resources */,
				A12BC5B2294A220700D5FFD5 /* PastEntries.storyboard in Resources */,
				A1BE5DCD2947C9D7002EFFFB /* Main.storyboard in Resources */,
				5F869FA0296CA03E008E83B1 /* Notifications.storyboard in Resources */,
				A1BE5DDB294A1EA7002EFFFB /* Entries.storyboard in Resources */,
				5F6C07D42966041400FBA415 /* Privacy.storyboard in Resources */,
			);
			runOnlyForDeploymentPostprocessing = 0;
		};
/* End PBXResourcesBuildPhase section */

/* Begin PBXSourcesBuildPhase section */
		A1BE5DBE2947C9D7002EFFFB /* Sources */ = {
			isa = PBXSourcesBuildPhase;
			buildActionMask = 2147483647;
			files = (
				5FCAF4A7295224D60016FC56 /* NetworkController.swift in Sources */,
				A1E49600295232A60000419D /* Entry.swift in Sources */,
				A1011E8F294BA98C005C708B /* Weather.swift in Sources */,
				5FCAF4AA295233700016FC56 /* ResultError.swift in Sources */,
				5F869FB9296DCBF1008E83B1 /* NotificationsTableViewCell.swift in Sources */,
				A12BC5BE294A8D4400D5FFD5 /* EntryListTableViewCell.swift in Sources */,
				5F869FBB296DD089008E83B1 /* NotificationsDetailViewController.swift in Sources */,
				5FCAF4B22954D58C0016FC56 /* DateHelper.swift in Sources */,
				A1BE5DCA2947C9D7002EFFFB /* ViewController.swift in Sources */,
				5F87A9C7294BA1E500B87CA4 /* DailyQuoteTableViewCell.swift in Sources */,
				A1BE5DC62947C9D7002EFFFB /* AppDelegate.swift in Sources */,
				5F6C07C62964AE1300FBA415 /* SettingsDataTableViewController.swift in Sources */,
				A12BC5BC294A858D00D5FFD5 /* EntryListTableViewController.swift in Sources */,
				5F6C07C92964BC6800FBA415 /* TermsAndConditionsTableViewCell.swift in Sources */,
				5FCAF4B02953734D0016FC56 /* DailyQuoteViewModel.swift in Sources */,
				5F6C07CB2964BCB100FBA415 /* PrivacyTableViewCell.swift in Sources */,
				5F6C07CD2964BCE100FBA415 /* DarkModeTableViewCell.swift in Sources */,
				5F87A9C5294BA1CF00B87CA4 /* DailyQuotesTableViewController.swift in Sources */,
				5F87A9C9294BA82A00B87CA4 /* DailyQuotesModel.swift in Sources */,
				A1BE5DC82947C9D7002EFFFB /* SceneDelegate.swift in Sources */,
			);
			runOnlyForDeploymentPostprocessing = 0;
		};
/* End PBXSourcesBuildPhase section */

/* Begin PBXVariantGroup section */
		A1BE5DCB2947C9D7002EFFFB /* Main.storyboard */ = {
			isa = PBXVariantGroup;
			children = (
				A1BE5DCC2947C9D7002EFFFB /* Base */,
			);
			name = Main.storyboard;
			sourceTree = "<group>";
		};
		A1BE5DD02947C9D9002EFFFB /* LaunchScreen.storyboard */ = {
			isa = PBXVariantGroup;
			children = (
				A1BE5DD12947C9D9002EFFFB /* Base */,
			);
			name = LaunchScreen.storyboard;
			sourceTree = "<group>";
		};
/* End PBXVariantGroup section */

/* Begin XCBuildConfiguration section */
		A1BE5DD42947C9D9002EFFFB /* Debug */ = {
			isa = XCBuildConfiguration;
			buildSettings = {
				ALWAYS_SEARCH_USER_PATHS = NO;
				CLANG_ANALYZER_NONNULL = YES;
				CLANG_ANALYZER_NUMBER_OBJECT_CONVERSION = YES_AGGRESSIVE;
				CLANG_CXX_LANGUAGE_STANDARD = "gnu++20";
				CLANG_ENABLE_MODULES = YES;
				CLANG_ENABLE_OBJC_ARC = YES;
				CLANG_ENABLE_OBJC_WEAK = YES;
				CLANG_WARN_BLOCK_CAPTURE_AUTORELEASING = YES;
				CLANG_WARN_BOOL_CONVERSION = YES;
				CLANG_WARN_COMMA = YES;
				CLANG_WARN_CONSTANT_CONVERSION = YES;
				CLANG_WARN_DEPRECATED_OBJC_IMPLEMENTATIONS = YES;
				CLANG_WARN_DIRECT_OBJC_ISA_USAGE = YES_ERROR;
				CLANG_WARN_DOCUMENTATION_COMMENTS = YES;
				CLANG_WARN_EMPTY_BODY = YES;
				CLANG_WARN_ENUM_CONVERSION = YES;
				CLANG_WARN_INFINITE_RECURSION = YES;
				CLANG_WARN_INT_CONVERSION = YES;
				CLANG_WARN_NON_LITERAL_NULL_CONVERSION = YES;
				CLANG_WARN_OBJC_IMPLICIT_RETAIN_SELF = YES;
				CLANG_WARN_OBJC_LITERAL_CONVERSION = YES;
				CLANG_WARN_OBJC_ROOT_CLASS = YES_ERROR;
				CLANG_WARN_QUOTED_INCLUDE_IN_FRAMEWORK_HEADER = YES;
				CLANG_WARN_RANGE_LOOP_ANALYSIS = YES;
				CLANG_WARN_STRICT_PROTOTYPES = YES;
				CLANG_WARN_SUSPICIOUS_MOVE = YES;
				CLANG_WARN_UNGUARDED_AVAILABILITY = YES_AGGRESSIVE;
				CLANG_WARN_UNREACHABLE_CODE = YES;
				CLANG_WARN__DUPLICATE_METHOD_MATCH = YES;
				COPY_PHASE_STRIP = NO;
				DEBUG_INFORMATION_FORMAT = dwarf;
				ENABLE_STRICT_OBJC_MSGSEND = YES;
				ENABLE_TESTABILITY = YES;
				GCC_C_LANGUAGE_STANDARD = gnu11;
				GCC_DYNAMIC_NO_PIC = NO;
				GCC_NO_COMMON_BLOCKS = YES;
				GCC_OPTIMIZATION_LEVEL = 0;
				GCC_PREPROCESSOR_DEFINITIONS = (
					"DEBUG=1",
					"$(inherited)",
				);
				GCC_WARN_64_TO_32_BIT_CONVERSION = YES;
				GCC_WARN_ABOUT_RETURN_TYPE = YES_ERROR;
				GCC_WARN_UNDECLARED_SELECTOR = YES;
				GCC_WARN_UNINITIALIZED_AUTOS = YES_AGGRESSIVE;
				GCC_WARN_UNUSED_FUNCTION = YES;
				GCC_WARN_UNUSED_VARIABLE = YES;
				IPHONEOS_DEPLOYMENT_TARGET = 16.1;
				MTL_ENABLE_DEBUG_INFO = INCLUDE_SOURCE;
				MTL_FAST_MATH = YES;
				ONLY_ACTIVE_ARCH = YES;
				SDKROOT = iphoneos;
				SWIFT_ACTIVE_COMPILATION_CONDITIONS = DEBUG;
				SWIFT_OPTIMIZATION_LEVEL = "-Onone";
			};
			name = Debug;
		};
		A1BE5DD52947C9D9002EFFFB /* Release */ = {
			isa = XCBuildConfiguration;
			buildSettings = {
				ALWAYS_SEARCH_USER_PATHS = NO;
				CLANG_ANALYZER_NONNULL = YES;
				CLANG_ANALYZER_NUMBER_OBJECT_CONVERSION = YES_AGGRESSIVE;
				CLANG_CXX_LANGUAGE_STANDARD = "gnu++20";
				CLANG_ENABLE_MODULES = YES;
				CLANG_ENABLE_OBJC_ARC = YES;
				CLANG_ENABLE_OBJC_WEAK = YES;
				CLANG_WARN_BLOCK_CAPTURE_AUTORELEASING = YES;
				CLANG_WARN_BOOL_CONVERSION = YES;
				CLANG_WARN_COMMA = YES;
				CLANG_WARN_CONSTANT_CONVERSION = YES;
				CLANG_WARN_DEPRECATED_OBJC_IMPLEMENTATIONS = YES;
				CLANG_WARN_DIRECT_OBJC_ISA_USAGE = YES_ERROR;
				CLANG_WARN_DOCUMENTATION_COMMENTS = YES;
				CLANG_WARN_EMPTY_BODY = YES;
				CLANG_WARN_ENUM_CONVERSION = YES;
				CLANG_WARN_INFINITE_RECURSION = YES;
				CLANG_WARN_INT_CONVERSION = YES;
				CLANG_WARN_NON_LITERAL_NULL_CONVERSION = YES;
				CLANG_WARN_OBJC_IMPLICIT_RETAIN_SELF = YES;
				CLANG_WARN_OBJC_LITERAL_CONVERSION = YES;
				CLANG_WARN_OBJC_ROOT_CLASS = YES_ERROR;
				CLANG_WARN_QUOTED_INCLUDE_IN_FRAMEWORK_HEADER = YES;
				CLANG_WARN_RANGE_LOOP_ANALYSIS = YES;
				CLANG_WARN_STRICT_PROTOTYPES = YES;
				CLANG_WARN_SUSPICIOUS_MOVE = YES;
				CLANG_WARN_UNGUARDED_AVAILABILITY = YES_AGGRESSIVE;
				CLANG_WARN_UNREACHABLE_CODE = YES;
				CLANG_WARN__DUPLICATE_METHOD_MATCH = YES;
				COPY_PHASE_STRIP = NO;
				DEBUG_INFORMATION_FORMAT = "dwarf-with-dsym";
				ENABLE_NS_ASSERTIONS = NO;
				ENABLE_STRICT_OBJC_MSGSEND = YES;
				GCC_C_LANGUAGE_STANDARD = gnu11;
				GCC_NO_COMMON_BLOCKS = YES;
				GCC_WARN_64_TO_32_BIT_CONVERSION = YES;
				GCC_WARN_ABOUT_RETURN_TYPE = YES_ERROR;
				GCC_WARN_UNDECLARED_SELECTOR = YES;
				GCC_WARN_UNINITIALIZED_AUTOS = YES_AGGRESSIVE;
				GCC_WARN_UNUSED_FUNCTION = YES;
				GCC_WARN_UNUSED_VARIABLE = YES;
				IPHONEOS_DEPLOYMENT_TARGET = 16.1;
				MTL_ENABLE_DEBUG_INFO = NO;
				MTL_FAST_MATH = YES;
				SDKROOT = iphoneos;
				SWIFT_COMPILATION_MODE = wholemodule;
				SWIFT_OPTIMIZATION_LEVEL = "-O";
				VALIDATE_PRODUCT = YES;
			};
			name = Release;
		};
		A1BE5DD72947C9D9002EFFFB /* Debug */ = {
			isa = XCBuildConfiguration;
			buildSettings = {
				ASSETCATALOG_COMPILER_APPICON_NAME = AppIcon;
				ASSETCATALOG_COMPILER_GLOBAL_ACCENT_COLOR_NAME = AccentColor;
				CODE_SIGN_STYLE = Automatic;
				CURRENT_PROJECT_VERSION = 1;
				DEVELOPMENT_TEAM = 54AAP7P8JH;
				GENERATE_INFOPLIST_FILE = YES;
				INFOPLIST_FILE = DailyReflection/Resources/Info.plist;
				INFOPLIST_KEY_UIApplicationSupportsIndirectInputEvents = YES;
				INFOPLIST_KEY_UILaunchStoryboardName = LaunchScreen;
				INFOPLIST_KEY_UIMainStoryboardFile = Main;
				INFOPLIST_KEY_UISupportedInterfaceOrientations_iPad = "UIInterfaceOrientationPortrait UIInterfaceOrientationPortraitUpsideDown UIInterfaceOrientationLandscapeLeft UIInterfaceOrientationLandscapeRight";
				INFOPLIST_KEY_UISupportedInterfaceOrientations_iPhone = "UIInterfaceOrientationPortrait UIInterfaceOrientationLandscapeLeft UIInterfaceOrientationLandscapeRight";
				LD_RUNPATH_SEARCH_PATHS = (
					"$(inherited)",
					"@executable_path/Frameworks",
				);
				MARKETING_VERSION = 1.0;
				PRODUCT_BUNDLE_IDENTIFIER = com.matheusfoliveira.DailyReflection;
				PRODUCT_NAME = "$(TARGET_NAME)";
				SUPPORTED_PLATFORMS = "iphonesimulator iphoneos";
				SWIFT_EMIT_LOC_STRINGS = YES;
				SWIFT_VERSION = 5.0;
				TARGETED_DEVICE_FAMILY = "1,2";
			};
			name = Debug;
		};
		A1BE5DD82947C9D9002EFFFB /* Release */ = {
			isa = XCBuildConfiguration;
			buildSettings = {
				ASSETCATALOG_COMPILER_APPICON_NAME = AppIcon;
				ASSETCATALOG_COMPILER_GLOBAL_ACCENT_COLOR_NAME = AccentColor;
				CODE_SIGN_STYLE = Automatic;
				CURRENT_PROJECT_VERSION = 1;
				DEVELOPMENT_TEAM = 54AAP7P8JH;
				GENERATE_INFOPLIST_FILE = YES;
				INFOPLIST_FILE = DailyReflection/Resources/Info.plist;
				INFOPLIST_KEY_UIApplicationSupportsIndirectInputEvents = YES;
				INFOPLIST_KEY_UILaunchStoryboardName = LaunchScreen;
				INFOPLIST_KEY_UIMainStoryboardFile = Main;
				INFOPLIST_KEY_UISupportedInterfaceOrientations_iPad = "UIInterfaceOrientationPortrait UIInterfaceOrientationPortraitUpsideDown UIInterfaceOrientationLandscapeLeft UIInterfaceOrientationLandscapeRight";
				INFOPLIST_KEY_UISupportedInterfaceOrientations_iPhone = "UIInterfaceOrientationPortrait UIInterfaceOrientationLandscapeLeft UIInterfaceOrientationLandscapeRight";
				LD_RUNPATH_SEARCH_PATHS = (
					"$(inherited)",
					"@executable_path/Frameworks",
				);
				MARKETING_VERSION = 1.0;
				PRODUCT_BUNDLE_IDENTIFIER = com.matheusfoliveira.DailyReflection;
				PRODUCT_NAME = "$(TARGET_NAME)";
				SUPPORTED_PLATFORMS = "iphonesimulator iphoneos";
				SWIFT_EMIT_LOC_STRINGS = YES;
				SWIFT_VERSION = 5.0;
				TARGETED_DEVICE_FAMILY = "1,2";
			};
			name = Release;
		};
/* End XCBuildConfiguration section */

/* Begin XCConfigurationList section */
		A1BE5DBD2947C9D6002EFFFB /* Build configuration list for PBXProject "DailyReflection" */ = {
			isa = XCConfigurationList;
			buildConfigurations = (
				A1BE5DD42947C9D9002EFFFB /* Debug */,
				A1BE5DD52947C9D9002EFFFB /* Release */,
			);
			defaultConfigurationIsVisible = 0;
			defaultConfigurationName = Release;
		};
		A1BE5DD62947C9D9002EFFFB /* Build configuration list for PBXNativeTarget "DailyReflection" */ = {
			isa = XCConfigurationList;
			buildConfigurations = (
				A1BE5DD72947C9D9002EFFFB /* Debug */,
				A1BE5DD82947C9D9002EFFFB /* Release */,
			);
			defaultConfigurationIsVisible = 0;
			defaultConfigurationName = Release;
		};
/* End XCConfigurationList section */
	};
	rootObject = A1BE5DBA2947C9D6002EFFFB /* Project object */;
}
